// !$*UTF8*$!
{
	archiveVersion = 1;
	classes = {
	};
	objectVersion = 56;
	objects = {

/* Begin PBXBuildFile section */
		BB8EBBEC28FDE09A00326243 /* HomeViewController.swift in Sources */ = {isa = PBXBuildFile; fileRef = BB8EBBEB28FDE09A00326243 /* HomeViewController.swift */; };
		BB8EBBEF28FDE11D00326243 /* SearchViewController.swift in Sources */ = {isa = PBXBuildFile; fileRef = BB8EBBEE28FDE11D00326243 /* SearchViewController.swift */; };
		BB8EBBF228FDE16000326243 /* AddingViewController.swift in Sources */ = {isa = PBXBuildFile; fileRef = BB8EBBF128FDE16000326243 /* AddingViewController.swift */; };
		BB8EBBF528FDE18800326243 /* LikesViewController.swift in Sources */ = {isa = PBXBuildFile; fileRef = BB8EBBF428FDE18800326243 /* LikesViewController.swift */; };
		BB8EBBF828FDE1BC00326243 /* ProfileViewController.swift in Sources */ = {isa = PBXBuildFile; fileRef = BB8EBBF728FDE1BC00326243 /* ProfileViewController.swift */; };
		BB8EBBFA28FDF02900326243 /* Colors.xcassets in Resources */ = {isa = PBXBuildFile; fileRef = BB8EBBF928FDF02900326243 /* Colors.xcassets */; };
		BB9DCBEF28FD626F0059E668 /* AppDelegate.swift in Sources */ = {isa = PBXBuildFile; fileRef = BB9DCBEE28FD626F0059E668 /* AppDelegate.swift */; };
		BB9DCBF128FD626F0059E668 /* SceneDelegate.swift in Sources */ = {isa = PBXBuildFile; fileRef = BB9DCBF028FD626F0059E668 /* SceneDelegate.swift */; };
		BB9DCBF628FD626F0059E668 /* Main.storyboard in Resources */ = {isa = PBXBuildFile; fileRef = BB9DCBF428FD626F0059E668 /* Main.storyboard */; };
		BB9DCBF828FD62700059E668 /* Assets.xcassets in Resources */ = {isa = PBXBuildFile; fileRef = BB9DCBF728FD62700059E668 /* Assets.xcassets */; };
		BB9DCBFB28FD62700059E668 /* LaunchScreen.storyboard in Resources */ = {isa = PBXBuildFile; fileRef = BB9DCBF928FD62700059E668 /* LaunchScreen.storyboard */; };
		BBD53B1A28FF0CED005E3CC0 /* ContentCell.swift in Sources */ = {isa = PBXBuildFile; fileRef = BBD53B1928FF0CED005E3CC0 /* ContentCell.swift */; };
		BBD53B1C28FF1089005E3CC0 /* Content.swift in Sources */ = {isa = PBXBuildFile; fileRef = BBD53B1B28FF1089005E3CC0 /* Content.swift */; };
		BBD53B1E28FF3FDA005E3CC0 /* RecomendationCell.swift in Sources */ = {isa = PBXBuildFile; fileRef = BBD53B1D28FF3FDA005E3CC0 /* RecomendationCell.swift */; };
		BBDC32BD28FEC28D00EF0C73 /* HistoryCell.swift in Sources */ = {isa = PBXBuildFile; fileRef = BBDC32BC28FEC28D00EF0C73 /* HistoryCell.swift */; };
		BBDC32C128FEF4B900EF0C73 /* Extension+UIButton.swift in Sources */ = {isa = PBXBuildFile; fileRef = BBDC32C028FEF4B900EF0C73 /* Extension+UIButton.swift */; };
/* End PBXBuildFile section */

/* Begin PBXFileReference section */
		BB8EBBEB28FDE09A00326243 /* HomeViewController.swift */ = {isa = PBXFileReference; lastKnownFileType = sourcecode.swift; path = HomeViewController.swift; sourceTree = "<group>"; };
		BB8EBBEE28FDE11D00326243 /* SearchViewController.swift */ = {isa = PBXFileReference; lastKnownFileType = sourcecode.swift; path = SearchViewController.swift; sourceTree = "<group>"; };
		BB8EBBF128FDE16000326243 /* AddingViewController.swift */ = {isa = PBXFileReference; lastKnownFileType = sourcecode.swift; path = AddingViewController.swift; sourceTree = "<group>"; };
		BB8EBBF428FDE18800326243 /* LikesViewController.swift */ = {isa = PBXFileReference; lastKnownFileType = sourcecode.swift; path = LikesViewController.swift; sourceTree = "<group>"; };
		BB8EBBF728FDE1BC00326243 /* ProfileViewController.swift */ = {isa = PBXFileReference; lastKnownFileType = sourcecode.swift; path = ProfileViewController.swift; sourceTree = "<group>"; };
		BB8EBBF928FDF02900326243 /* Colors.xcassets */ = {isa = PBXFileReference; lastKnownFileType = folder.assetcatalog; path = Colors.xcassets; sourceTree = "<group>"; };
		BB9DCBEB28FD626F0059E668 /* InstagrammApp.app */ = {isa = PBXFileReference; explicitFileType = wrapper.application; includeInIndex = 0; path = InstagrammApp.app; sourceTree = BUILT_PRODUCTS_DIR; };
		BB9DCBEE28FD626F0059E668 /* AppDelegate.swift */ = {isa = PBXFileReference; lastKnownFileType = sourcecode.swift; path = AppDelegate.swift; sourceTree = "<group>"; };
		BB9DCBF028FD626F0059E668 /* SceneDelegate.swift */ = {isa = PBXFileReference; lastKnownFileType = sourcecode.swift; path = SceneDelegate.swift; sourceTree = "<group>"; };
		BB9DCBF528FD626F0059E668 /* Base */ = {isa = PBXFileReference; lastKnownFileType = file.storyboard; name = Base; path = Base.lproj/Main.storyboard; sourceTree = "<group>"; };
		BB9DCBF728FD62700059E668 /* Assets.xcassets */ = {isa = PBXFileReference; lastKnownFileType = folder.assetcatalog; path = Assets.xcassets; sourceTree = "<group>"; };
		BB9DCBFA28FD62700059E668 /* Base */ = {isa = PBXFileReference; lastKnownFileType = file.storyboard; name = Base; path = Base.lproj/LaunchScreen.storyboard; sourceTree = "<group>"; };
		BB9DCBFC28FD62700059E668 /* Info.plist */ = {isa = PBXFileReference; lastKnownFileType = text.plist.xml; path = Info.plist; sourceTree = "<group>"; };
		BBD53B1928FF0CED005E3CC0 /* ContentCell.swift */ = {isa = PBXFileReference; lastKnownFileType = sourcecode.swift; path = ContentCell.swift; sourceTree = "<group>"; };
		BBD53B1B28FF1089005E3CC0 /* Content.swift */ = {isa = PBXFileReference; lastKnownFileType = sourcecode.swift; path = Content.swift; sourceTree = "<group>"; };
		BBD53B1D28FF3FDA005E3CC0 /* RecomendationCell.swift */ = {isa = PBXFileReference; lastKnownFileType = sourcecode.swift; path = RecomendationCell.swift; sourceTree = "<group>"; };
		BBDC32BC28FEC28D00EF0C73 /* HistoryCell.swift */ = {isa = PBXFileReference; lastKnownFileType = sourcecode.swift; path = HistoryCell.swift; sourceTree = "<group>"; };
		BBDC32C028FEF4B900EF0C73 /* Extension+UIButton.swift */ = {isa = PBXFileReference; lastKnownFileType = sourcecode.swift; path = "Extension+UIButton.swift"; sourceTree = "<group>"; };
/* End PBXFileReference section */

/* Begin PBXFrameworksBuildPhase section */
		BB9DCBE828FD626F0059E668 /* Frameworks */ = {
			isa = PBXFrameworksBuildPhase;
			buildActionMask = 2147483647;
			files = (
			);
			runOnlyForDeploymentPostprocessing = 0;
		};
/* End PBXFrameworksBuildPhase section */

/* Begin PBXGroup section */
		BB8EBBEA28FDE07F00326243 /* HomeScreen */ = {
			isa = PBXGroup;
			children = (
				BB8EBBEB28FDE09A00326243 /* HomeViewController.swift */,
				BBDC32BC28FEC28D00EF0C73 /* HistoryCell.swift */,
				BBD53B1928FF0CED005E3CC0 /* ContentCell.swift */,
				BBD53B1D28FF3FDA005E3CC0 /* RecomendationCell.swift */,
				BBD53B1B28FF1089005E3CC0 /* Content.swift */,
			);
			path = HomeScreen;
			sourceTree = "<group>";
		};
		BB8EBBED28FDE0F400326243 /* SearchScreen */ = {
			isa = PBXGroup;
			children = (
				BB8EBBEE28FDE11D00326243 /* SearchViewController.swift */,
			);
			path = SearchScreen;
			sourceTree = "<group>";
		};
		BB8EBBF028FDE14A00326243 /* AddingScreen */ = {
			isa = PBXGroup;
			children = (
				BB8EBBF128FDE16000326243 /* AddingViewController.swift */,
			);
			path = AddingScreen;
			sourceTree = "<group>";
		};
		BB8EBBF328FDE16B00326243 /* LikesScreen */ = {
			isa = PBXGroup;
			children = (
				BB8EBBF428FDE18800326243 /* LikesViewController.swift */,
			);
			path = LikesScreen;
			sourceTree = "<group>";
		};
		BB8EBBF628FDE19900326243 /* ProfileScreen */ = {
			isa = PBXGroup;
			children = (
				BB8EBBF728FDE1BC00326243 /* ProfileViewController.swift */,
			);
			path = ProfileScreen;
			sourceTree = "<group>";
		};
		BB9DCBE228FD626E0059E668 = {
			isa = PBXGroup;
			children = (
				BB9DCBED28FD626F0059E668 /* InstagrammApp */,
				BB9DCBEC28FD626F0059E668 /* Products */,
			);
			sourceTree = "<group>";
		};
		BB9DCBEC28FD626F0059E668 /* Products */ = {
			isa = PBXGroup;
			children = (
				BB9DCBEB28FD626F0059E668 /* InstagrammApp.app */,
			);
			name = Products;
			sourceTree = "<group>";
		};
		BB9DCBED28FD626F0059E668 /* InstagrammApp */ = {
			isa = PBXGroup;
			children = (
				BB9DCBEE28FD626F0059E668 /* AppDelegate.swift */,
				BB9DCBF028FD626F0059E668 /* SceneDelegate.swift */,
				BB8EBBEA28FDE07F00326243 /* HomeScreen */,
				BB8EBBED28FDE0F400326243 /* SearchScreen */,
				BB8EBBF028FDE14A00326243 /* AddingScreen */,
				BB8EBBF328FDE16B00326243 /* LikesScreen */,
				BB8EBBF628FDE19900326243 /* ProfileScreen */,
				BB9DCBF428FD626F0059E668 /* Main.storyboard */,
				BBAA234528FF815900D20285 /* Extensions */,
				BB9DCBF728FD62700059E668 /* Assets.xcassets */,
				BB8EBBF928FDF02900326243 /* Colors.xcassets */,
				BB9DCBF928FD62700059E668 /* LaunchScreen.storyboard */,
				BB9DCBFC28FD62700059E668 /* Info.plist */,
			);
			path = InstagrammApp;
			sourceTree = "<group>";
		};
		BBAA234528FF815900D20285 /* Extensions */ = {
			isa = PBXGroup;
			children = (
				BBDC32C028FEF4B900EF0C73 /* Extension+UIButton.swift */,
			);
			path = Extensions;
			sourceTree = "<group>";
		};
/* End PBXGroup section */

/* Begin PBXNativeTarget section */
		BB9DCBEA28FD626F0059E668 /* InstagrammApp */ = {
			isa = PBXNativeTarget;
			buildConfigurationList = BB9DCBFF28FD62700059E668 /* Build configuration list for PBXNativeTarget "InstagrammApp" */;
			buildPhases = (
				BB9DCC0228FD77610059E668 /* SwiftLint */,
				BB9DCBE728FD626F0059E668 /* Sources */,
				BB9DCBE828FD626F0059E668 /* Frameworks */,
				BB9DCBE928FD626F0059E668 /* Resources */,
			);
			buildRules = (
			);
			dependencies = (
			);
			name = InstagrammApp;
			productName = InstagrammApp;
			productReference = BB9DCBEB28FD626F0059E668 /* InstagrammApp.app */;
			productType = "com.apple.product-type.application";
		};
/* End PBXNativeTarget section */

/* Begin PBXProject section */
		BB9DCBE328FD626E0059E668 /* Project object */ = {
			isa = PBXProject;
			attributes = {
				BuildIndependentTargetsInParallel = 1;
				LastSwiftUpdateCheck = 1400;
				LastUpgradeCheck = 1400;
				TargetAttributes = {
					BB9DCBEA28FD626F0059E668 = {
						CreatedOnToolsVersion = 14.0.1;
					};
				};
			};
			buildConfigurationList = BB9DCBE628FD626E0059E668 /* Build configuration list for PBXProject "InstagrammApp" */;
			compatibilityVersion = "Xcode 14.0";
			developmentRegion = en;
			hasScannedForEncodings = 0;
			knownRegions = (
				en,
				Base,
			);
			mainGroup = BB9DCBE228FD626E0059E668;
			productRefGroup = BB9DCBEC28FD626F0059E668 /* Products */;
			projectDirPath = "";
			projectRoot = "";
			targets = (
				BB9DCBEA28FD626F0059E668 /* InstagrammApp */,
			);
		};
/* End PBXProject section */

/* Begin PBXResourcesBuildPhase section */
		BB9DCBE928FD626F0059E668 /* Resources */ = {
			isa = PBXResourcesBuildPhase;
			buildActionMask = 2147483647;
			files = (
				BB9DCBFB28FD62700059E668 /* LaunchScreen.storyboard in Resources */,
				BB8EBBFA28FDF02900326243 /* Colors.xcassets in Resources */,
				BB9DCBF828FD62700059E668 /* Assets.xcassets in Resources */,
				BB9DCBF628FD626F0059E668 /* Main.storyboard in Resources */,
			);
			runOnlyForDeploymentPostprocessing = 0;
		};
/* End PBXResourcesBuildPhase section */

/* Begin PBXShellScriptBuildPhase section */
		BB9DCC0228FD77610059E668 /* SwiftLint */ = {
			isa = PBXShellScriptBuildPhase;
			buildActionMask = 2147483647;
			files = (
			);
			inputFileListPaths = (
			);
			inputPaths = (
			);
			name = SwiftLint;
			outputFileListPaths = (
			);
			outputPaths = (
			);
			runOnlyForDeploymentPostprocessing = 0;
			shellPath = /bin/sh;
			shellScript = "if which swiftlint > /dev/null; then\n  swiftlint\nelse\n  echo \"warning: SwiftLint not installed, download from https://github.com/realm/SwiftLint\"\nfi\n\n";
		};
/* End PBXShellScriptBuildPhase section */

/* Begin PBXSourcesBuildPhase section */
		BB9DCBE728FD626F0059E668 /* Sources */ = {
			isa = PBXSourcesBuildPhase;
			buildActionMask = 2147483647;
			files = (
				BBDC32C128FEF4B900EF0C73 /* Extension+UIButton.swift in Sources */,
				BB8EBBEF28FDE11D00326243 /* SearchViewController.swift in Sources */,
				BB8EBBF228FDE16000326243 /* AddingViewController.swift in Sources */,
				BBD53B1A28FF0CED005E3CC0 /* ContentCell.swift in Sources */,
				BB8EBBEC28FDE09A00326243 /* HomeViewController.swift in Sources */,
				BB8EBBF528FDE18800326243 /* LikesViewController.swift in Sources */,
				BBD53B1C28FF1089005E3CC0 /* Content.swift in Sources */,
				BB8EBBF828FDE1BC00326243 /* ProfileViewController.swift in Sources */,
				BBDC32BD28FEC28D00EF0C73 /* HistoryCell.swift in Sources */,
				BB9DCBEF28FD626F0059E668 /* AppDelegate.swift in Sources */,
				BBD53B1E28FF3FDA005E3CC0 /* RecomendationCell.swift in Sources */,
				BB9DCBF128FD626F0059E668 /* SceneDelegate.swift in Sources */,
			);
			runOnlyForDeploymentPostprocessing = 0;
		};
/* End PBXSourcesBuildPhase section */

/* Begin PBXVariantGroup section */
		BB9DCBF428FD626F0059E668 /* Main.storyboard */ = {
			isa = PBXVariantGroup;
			children = (
				BB9DCBF528FD626F0059E668 /* Base */,
			);
			name = Main.storyboard;
			sourceTree = "<group>";
		};
		BB9DCBF928FD62700059E668 /* LaunchScreen.storyboard */ = {
			isa = PBXVariantGroup;
			children = (
				BB9DCBFA28FD62700059E668 /* Base */,
			);
			name = LaunchScreen.storyboard;
			sourceTree = "<group>";
		};
/* End PBXVariantGroup section */

/* Begin XCBuildConfiguration section */
		BB9DCBFD28FD62700059E668 /* Debug */ = {
			isa = XCBuildConfiguration;
			buildSettings = {
				ALWAYS_SEARCH_USER_PATHS = NO;
				CLANG_ANALYZER_NONNULL = YES;
				CLANG_ANALYZER_NUMBER_OBJECT_CONVERSION = YES_AGGRESSIVE;
				CLANG_CXX_LANGUAGE_STANDARD = "gnu++20";
				CLANG_ENABLE_MODULES = YES;
				CLANG_ENABLE_OBJC_ARC = YES;
				CLANG_ENABLE_OBJC_WEAK = YES;
				CLANG_WARN_BLOCK_CAPTURE_AUTORELEASING = YES;
				CLANG_WARN_BOOL_CONVERSION = YES;
				CLANG_WARN_COMMA = YES;
				CLANG_WARN_CONSTANT_CONVERSION = YES;
				CLANG_WARN_DEPRECATED_OBJC_IMPLEMENTATIONS = YES;
				CLANG_WARN_DIRECT_OBJC_ISA_USAGE = YES_ERROR;
				CLANG_WARN_DOCUMENTATION_COMMENTS = YES;
				CLANG_WARN_EMPTY_BODY = YES;
				CLANG_WARN_ENUM_CONVERSION = YES;
				CLANG_WARN_INFINITE_RECURSION = YES;
				CLANG_WARN_INT_CONVERSION = YES;
				CLANG_WARN_NON_LITERAL_NULL_CONVERSION = YES;
				CLANG_WARN_OBJC_IMPLICIT_RETAIN_SELF = YES;
				CLANG_WARN_OBJC_LITERAL_CONVERSION = YES;
				CLANG_WARN_OBJC_ROOT_CLASS = YES_ERROR;
				CLANG_WARN_QUOTED_INCLUDE_IN_FRAMEWORK_HEADER = YES;
				CLANG_WARN_RANGE_LOOP_ANALYSIS = YES;
				CLANG_WARN_STRICT_PROTOTYPES = YES;
				CLANG_WARN_SUSPICIOUS_MOVE = YES;
				CLANG_WARN_UNGUARDED_AVAILABILITY = YES_AGGRESSIVE;
				CLANG_WARN_UNREACHABLE_CODE = YES;
				CLANG_WARN__DUPLICATE_METHOD_MATCH = YES;
				COPY_PHASE_STRIP = NO;
				DEBUG_INFORMATION_FORMAT = dwarf;
				ENABLE_STRICT_OBJC_MSGSEND = YES;
				ENABLE_TESTABILITY = YES;
				GCC_C_LANGUAGE_STANDARD = gnu11;
				GCC_DYNAMIC_NO_PIC = NO;
				GCC_NO_COMMON_BLOCKS = YES;
				GCC_OPTIMIZATION_LEVEL = 0;
				GCC_PREPROCESSOR_DEFINITIONS = (
					"DEBUG=1",
					"$(inherited)",
				);
				GCC_WARN_64_TO_32_BIT_CONVERSION = YES;
				GCC_WARN_ABOUT_RETURN_TYPE = YES_ERROR;
				GCC_WARN_UNDECLARED_SELECTOR = YES;
				GCC_WARN_UNINITIALIZED_AUTOS = YES_AGGRESSIVE;
				GCC_WARN_UNUSED_FUNCTION = YES;
				GCC_WARN_UNUSED_VARIABLE = YES;
				IPHONEOS_DEPLOYMENT_TARGET = 16.0;
				MTL_ENABLE_DEBUG_INFO = INCLUDE_SOURCE;
				MTL_FAST_MATH = YES;
				ONLY_ACTIVE_ARCH = YES;
				SDKROOT = iphoneos;
				SWIFT_ACTIVE_COMPILATION_CONDITIONS = DEBUG;
				SWIFT_OPTIMIZATION_LEVEL = "-Onone";
			};
			name = Debug;
		};
		BB9DCBFE28FD62700059E668 /* Release */ = {
			isa = XCBuildConfiguration;
			buildSettings = {
				ALWAYS_SEARCH_USER_PATHS = NO;
				CLANG_ANALYZER_NONNULL = YES;
				CLANG_ANALYZER_NUMBER_OBJECT_CONVERSION = YES_AGGRESSIVE;
				CLANG_CXX_LANGUAGE_STANDARD = "gnu++20";
				CLANG_ENABLE_MODULES = YES;
				CLANG_ENABLE_OBJC_ARC = YES;
				CLANG_ENABLE_OBJC_WEAK = YES;
				CLANG_WARN_BLOCK_CAPTURE_AUTORELEASING = YES;
				CLANG_WARN_BOOL_CONVERSION = YES;
				CLANG_WARN_COMMA = YES;
				CLANG_WARN_CONSTANT_CONVERSION = YES;
				CLANG_WARN_DEPRECATED_OBJC_IMPLEMENTATIONS = YES;
				CLANG_WARN_DIRECT_OBJC_ISA_USAGE = YES_ERROR;
				CLANG_WARN_DOCUMENTATION_COMMENTS = YES;
				CLANG_WARN_EMPTY_BODY = YES;
				CLANG_WARN_ENUM_CONVERSION = YES;
				CLANG_WARN_INFINITE_RECURSION = YES;
				CLANG_WARN_INT_CONVERSION = YES;
				CLANG_WARN_NON_LITERAL_NULL_CONVERSION = YES;
				CLANG_WARN_OBJC_IMPLICIT_RETAIN_SELF = YES;
				CLANG_WARN_OBJC_LITERAL_CONVERSION = YES;
				CLANG_WARN_OBJC_ROOT_CLASS = YES_ERROR;
				CLANG_WARN_QUOTED_INCLUDE_IN_FRAMEWORK_HEADER = YES;
				CLANG_WARN_RANGE_LOOP_ANALYSIS = YES;
				CLANG_WARN_STRICT_PROTOTYPES = YES;
				CLANG_WARN_SUSPICIOUS_MOVE = YES;
				CLANG_WARN_UNGUARDED_AVAILABILITY = YES_AGGRESSIVE;
				CLANG_WARN_UNREACHABLE_CODE = YES;
				CLANG_WARN__DUPLICATE_METHOD_MATCH = YES;
				COPY_PHASE_STRIP = NO;
				DEBUG_INFORMATION_FORMAT = "dwarf-with-dsym";
				ENABLE_NS_ASSERTIONS = NO;
				ENABLE_STRICT_OBJC_MSGSEND = YES;
				GCC_C_LANGUAGE_STANDARD = gnu11;
				GCC_NO_COMMON_BLOCKS = YES;
				GCC_WARN_64_TO_32_BIT_CONVERSION = YES;
				GCC_WARN_ABOUT_RETURN_TYPE = YES_ERROR;
				GCC_WARN_UNDECLARED_SELECTOR = YES;
				GCC_WARN_UNINITIALIZED_AUTOS = YES_AGGRESSIVE;
				GCC_WARN_UNUSED_FUNCTION = YES;
				GCC_WARN_UNUSED_VARIABLE = YES;
				IPHONEOS_DEPLOYMENT_TARGET = 16.0;
				MTL_ENABLE_DEBUG_INFO = NO;
				MTL_FAST_MATH = YES;
				SDKROOT = iphoneos;
				SWIFT_COMPILATION_MODE = wholemodule;
				SWIFT_OPTIMIZATION_LEVEL = "-O";
				VALIDATE_PRODUCT = YES;
			};
			name = Release;
		};
		BB9DCC0028FD62700059E668 /* Debug */ = {
			isa = XCBuildConfiguration;
			buildSettings = {
				ASSETCATALOG_COMPILER_APPICON_NAME = AppIcon;
				ASSETCATALOG_COMPILER_GLOBAL_ACCENT_COLOR_NAME = AccentColor;
				CODE_SIGN_STYLE = Automatic;
				CURRENT_PROJECT_VERSION = 1;
				GENERATE_INFOPLIST_FILE = YES;
				INFOPLIST_FILE = InstagrammApp/Info.plist;
				INFOPLIST_KEY_UIApplicationSupportsIndirectInputEvents = YES;
				INFOPLIST_KEY_UILaunchStoryboardName = LaunchScreen;
				INFOPLIST_KEY_UIMainStoryboardFile = Main;
				INFOPLIST_KEY_UISupportedInterfaceOrientations_iPad = "UIInterfaceOrientationPortrait UIInterfaceOrientationPortraitUpsideDown UIInterfaceOrientationLandscapeLeft UIInterfaceOrientationLandscapeRight";
				INFOPLIST_KEY_UISupportedInterfaceOrientations_iPhone = "UIInterfaceOrientationPortrait UIInterfaceOrientationLandscapeLeft UIInterfaceOrientationLandscapeRight";
				LD_RUNPATH_SEARCH_PATHS = (
					"$(inherited)",
					"@executable_path/Frameworks",
				);
				MARKETING_VERSION = 1.0;
				PRODUCT_BUNDLE_IDENTIFIER = "ru.koskin-val-mail.InstagrammApp";
				PRODUCT_NAME = "$(TARGET_NAME)";
				SWIFT_EMIT_LOC_STRINGS = YES;
				SWIFT_VERSION = 5.0;
				TARGETED_DEVICE_FAMILY = "1,2";
			};
			name = Debug;
		};
		BB9DCC0128FD62700059E668 /* Release */ = {
			isa = XCBuildConfiguration;
			buildSettings = {
				ASSETCATALOG_COMPILER_APPICON_NAME = AppIcon;
				ASSETCATALOG_COMPILER_GLOBAL_ACCENT_COLOR_NAME = AccentColor;
				CODE_SIGN_STYLE = Automatic;
				CURRENT_PROJECT_VERSION = 1;
				GENERATE_INFOPLIST_FILE = YES;
				INFOPLIST_FILE = InstagrammApp/Info.plist;
				INFOPLIST_KEY_UIApplicationSupportsIndirectInputEvents = YES;
				INFOPLIST_KEY_UILaunchStoryboardName = LaunchScreen;
				INFOPLIST_KEY_UIMainStoryboardFile = Main;
				INFOPLIST_KEY_UISupportedInterfaceOrientations_iPad = "UIInterfaceOrientationPortrait UIInterfaceOrientationPortraitUpsideDown UIInterfaceOrientationLandscapeLeft UIInterfaceOrientationLandscapeRight";
				INFOPLIST_KEY_UISupportedInterfaceOrientations_iPhone = "UIInterfaceOrientationPortrait UIInterfaceOrientationLandscapeLeft UIInterfaceOrientationLandscapeRight";
				LD_RUNPATH_SEARCH_PATHS = (
					"$(inherited)",
					"@executable_path/Frameworks",
				);
				MARKETING_VERSION = 1.0;
				PRODUCT_BUNDLE_IDENTIFIER = "ru.koskin-val-mail.InstagrammApp";
				PRODUCT_NAME = "$(TARGET_NAME)";
				SWIFT_EMIT_LOC_STRINGS = YES;
				SWIFT_VERSION = 5.0;
				TARGETED_DEVICE_FAMILY = "1,2";
			};
			name = Release;
		};
/* End XCBuildConfiguration section */

/* Begin XCConfigurationList section */
		BB9DCBE628FD626E0059E668 /* Build configuration list for PBXProject "InstagrammApp" */ = {
			isa = XCConfigurationList;
			buildConfigurations = (
				BB9DCBFD28FD62700059E668 /* Debug */,
				BB9DCBFE28FD62700059E668 /* Release */,
			);
			defaultConfigurationIsVisible = 0;
			defaultConfigurationName = Release;
		};
		BB9DCBFF28FD62700059E668 /* Build configuration list for PBXNativeTarget "InstagrammApp" */ = {
			isa = XCConfigurationList;
			buildConfigurations = (
				BB9DCC0028FD62700059E668 /* Debug */,
				BB9DCC0128FD62700059E668 /* Release */,
			);
			defaultConfigurationIsVisible = 0;
			defaultConfigurationName = Release;
		};
/* End XCConfigurationList section */
	};
	rootObject = BB9DCBE328FD626E0059E668 /* Project object */;
}
